
Microsoft Visual Studio Solution File, Format Version 12.00
# Visual Studio Version 16
VisualStudioVersion = 16.0.31624.102
MinimumVisualStudioVersion = 10.0.40219.1
Project("{FAE04EC0-301F-11D3-BF4B-00C04F79EFBC}") = "Queue", "Queue\Queue.csproj", "{B6B31F3A-3516-4C01-B8C7-A53ADEE1105E}"
EndProject
Global
	GlobalSection(SolutionConfigurationPlatforms) = preSolution
		Debug|Any CPU = Debug|Any CPU
		Release|Any CPU = Release|Any CPU
	EndGlobalSection
	GlobalSection(ProjectConfigurationPlatforms) = postSolution
		{B6B31F3A-3516-4C01-B8C7-A53ADEE1105E}.Debug|Any CPU.ActiveCfg = Debug|Any CPU
		{B6B31F3A-3516-4C01-B8C7-A53ADEE1105E}.Debug|Any CPU.Build.0 = Debug|Any CPU
		{B6B31F3A-3516-4C01-B8C7-A53ADEE1105E}.Release|Any CPU.ActiveCfg = Release|Any CPU
		{B6B31F3A-3516-4C01-B8C7-A53ADEE1105E}.Release|Any CPU.Build.0 = Release|Any CPU
	EndGlobalSection
	GlobalSection(SolutionProperties) = preSolution
		HideSolutionNode = FALSE
	EndGlobalSection
	GlobalSection(ExtensibilityGlobals) = postSolution
		SolutionGuid = {4D6FE46B-5AFD-4B9A-8A80-3809EC8373BE}
	EndGlobalSection
EndGlobal
